
Microsoft Visual Studio Solution File, Format Version 12.00
# Visual Studio Version 17
VisualStudioVersion = 17.6.33829.357
MinimumVisualStudioVersion = 10.0.40219.1
Project("{9A19103F-16F7-4668-BE54-9A1E7A4F7556}") = "Advice.UI.Server", "Advice.UI\Server\Advice.UI.Server.csproj", "{D0550C5C-3039-4374-82D3-F082D70B0033}"
EndProject
Project("{9A19103F-16F7-4668-BE54-9A1E7A4F7556}") = "Advice.UI.Client", "Advice.UI\Client\Advice.UI.Client.csproj", "{38B6DFFA-89E0-42EF-AA8B-520A7CF86063}"
EndProject
Project("{9A19103F-16F7-4668-BE54-9A1E7A4F7556}") = "Advice.UI.Shared", "Advice.UI\Shared\Advice.UI.Shared.csproj", "{81D09358-B3E9-4B27-A7A3-10315969C8A5}"
EndProject
Project("{FAE04EC0-301F-11D3-BF4B-00C04F79EFBC}") = "ClassLibrary1", "Advice.UI\ClassLibrary1\ClassLibrary1.csproj", "{97760E11-283D-4976-8A62-E51CA12F9284}"
EndProject
Global
	GlobalSection(SolutionConfigurationPlatforms) = preSolution
		Debug|Any CPU = Debug|Any CPU
		Release|Any CPU = Release|Any CPU
	EndGlobalSection
	GlobalSection(ProjectConfigurationPlatforms) = postSolution
		{D0550C5C-3039-4374-82D3-F082D70B0033}.Debug|Any CPU.ActiveCfg = Debug|Any CPU
		{D0550C5C-3039-4374-82D3-F082D70B0033}.Debug|Any CPU.Build.0 = Debug|Any CPU
		{D0550C5C-3039-4374-82D3-F082D70B0033}.Release|Any CPU.ActiveCfg = Release|Any CPU
		{D0550C5C-3039-4374-82D3-F082D70B0033}.Release|Any CPU.Build.0 = Release|Any CPU
		{38B6DFFA-89E0-42EF-AA8B-520A7CF86063}.Debug|Any CPU.ActiveCfg = Debug|Any CPU
		{38B6DFFA-89E0-42EF-AA8B-520A7CF86063}.Debug|Any CPU.Build.0 = Debug|Any CPU
		{38B6DFFA-89E0-42EF-AA8B-520A7CF86063}.Release|Any CPU.ActiveCfg = Release|Any CPU
		{38B6DFFA-89E0-42EF-AA8B-520A7CF86063}.Release|Any CPU.Build.0 = Release|Any CPU
		{81D09358-B3E9-4B27-A7A3-10315969C8A5}.Debug|Any CPU.ActiveCfg = Debug|Any CPU
		{81D09358-B3E9-4B27-A7A3-10315969C8A5}.Debug|Any CPU.Build.0 = Debug|Any CPU
		{81D09358-B3E9-4B27-A7A3-10315969C8A5}.Release|Any CPU.ActiveCfg = Release|Any CPU
		{81D09358-B3E9-4B27-A7A3-10315969C8A5}.Release|Any CPU.Build.0 = Release|Any CPU
		{97760E11-283D-4976-8A62-E51CA12F9284}.Debug|Any CPU.ActiveCfg = Debug|Any CPU
		{97760E11-283D-4976-8A62-E51CA12F9284}.Debug|Any CPU.Build.0 = Debug|Any CPU
		{97760E11-283D-4976-8A62-E51CA12F9284}.Release|Any CPU.ActiveCfg = Release|Any CPU
		{97760E11-283D-4976-8A62-E51CA12F9284}.Release|Any CPU.Build.0 = Release|Any CPU
	EndGlobalSection
	GlobalSection(SolutionProperties) = preSolution
		HideSolutionNode = FALSE
	EndGlobalSection
	GlobalSection(ExtensibilityGlobals) = postSolution
		SolutionGuid = {DDA603F6-1C46-4B01-8F18-E20088ECE453}
	EndGlobalSection
EndGlobal
